{
  "lib/forge-std": {
    "branch": {
      "name": "master",
      "rev": "fc560fa34fa12a335a50c35d92e55a6628ca467c"
    }
  },
  "lib/openzeppelin-contracts": {
    "branch": {
      "name": "v4.9.5",
      "rev": "bd325d56b4c62c9c5c1aff048c37c6bb18ac0290"
    }
  },
  "lib/snekmate": {
    "tag": {
      "name": "v0.1.2",
      "rev": "908aa9cc14816a3220f450174cfe80249b647b3f"
    }
  },
  "lib/tokenized-strategy": {
    "tag": {
      "name": "v3.0.4",
      "rev": "82806289f967590c4efbf6bc3d237e4e7f0a0966"
    }
  },
  "lib/tokenized-strategy-periphery": {
    "tag": {
      "name": "v3.0.2",
      "rev": "d732e918b208a9b2c33c71ea0ea9e8eb880cfc6e"
    }
  }
}